
Microsoft Visual Studio Solution File, Format Version 12.00
# Visual Studio Version 17
VisualStudioVersion = 17.11.35327.3
MinimumVisualStudioVersion = 10.0.40219.1
Project("{9A19103F-16F7-4668-BE54-9A1E7A4F7556}") = "Day02", "Day02.csproj", "{51FF675C-E82F-4E52-B690-73A3924082A6}"
EndProject
Project("{FAE04EC0-301F-11D3-BF4B-00C04F79EFBC}") = "ClassLibrary", "..\ClassLibrary\ClassLibrary.csproj", "{5BBBE2C8-6FB1-4F45-92C7-EC616CCE49E5}"
EndProject
Global
	GlobalSection(SolutionConfigurationPlatforms) = preSolution
		Debug|Any CPU = Debug|Any CPU
		Release|Any CPU = Release|Any CPU
	EndGlobalSection
	GlobalSection(ProjectConfigurationPlatforms) = postSolution
		{51FF675C-E82F-4E52-B690-73A3924082A6}.Debug|Any CPU.ActiveCfg = Debug|Any CPU
		{51FF675C-E82F-4E52-B690-73A3924082A6}.Debug|Any CPU.Build.0 = Debug|Any CPU
		{51FF675C-E82F-4E52-B690-73A3924082A6}.Release|Any CPU.ActiveCfg = Release|Any CPU
		{51FF675C-E82F-4E52-B690-73A3924082A6}.Release|Any CPU.Build.0 = Release|Any CPU
		{5BBBE2C8-6FB1-4F45-92C7-EC616CCE49E5}.Debug|Any CPU.ActiveCfg = Debug|Any CPU
		{5BBBE2C8-6FB1-4F45-92C7-EC616CCE49E5}.Debug|Any CPU.Build.0 = Debug|Any CPU
		{5BBBE2C8-6FB1-4F45-92C7-EC616CCE49E5}.Release|Any CPU.ActiveCfg = Release|Any CPU
		{5BBBE2C8-6FB1-4F45-92C7-EC616CCE49E5}.Release|Any CPU.Build.0 = Release|Any CPU
	EndGlobalSection
	GlobalSection(SolutionProperties) = preSolution
		HideSolutionNode = FALSE
	EndGlobalSection
	GlobalSection(ExtensibilityGlobals) = postSolution
		SolutionGuid = {D614531D-547A-48D3-AE3C-77C66AA19413}
	EndGlobalSection
EndGlobal
